<?xml version="1.0" encoding="utf-8"?>
<Project ToolsVersion="4.0" xmlns="http://schemas.microsoft.com/developer/msbuild/2003">
  <ItemGroup>
    <ClCompile Include="Src\Client.cpp" />
    <ClCompile Include="Src\Scenes\MyScene.cpp" />
    <ClCompile Include="Src\Scenes\YesScene.cpp" />
  </ItemGroup>
  <ItemGroup>
    <None Include="Shaders\Forward.fs" />
    <None Include="Shaders\Forward.vs" />
    <None Include="Shaders\Quad.vs" />
    <None Include="Shaders\Screen.fs" />
    <None Include="Src\DM2242\Grid.inl" />
  </ItemGroup>
  <ItemGroup>
    <ClInclude Include="Src\Scenes\MyScene.h" />
    <ClInclude Include="Src\Scenes\YesScene.h" />
    <ClInclude Include="Src\DM2242\Grid.h" />
  </ItemGroup>
</Project>