<?xml version="1.0" encoding="utf-8"?>
<Project ToolsVersion="4.0" xmlns="http://schemas.microsoft.com/developer/msbuild/2003">
  <ItemGroup>
    <ClInclude Include="Src\Geo\Mesh.h" />
    <ClInclude Include="Src\Geo\SpriteAni.h" />
    <ClInclude Include="Src\Geo\Vertex.h" />
    <ClInclude Include="Src\Core.h" />
    <ClInclude Include="Src\Global\GlobalFuncs.h" />
    <ClInclude Include="Src\Global\GlobalStructs.h" />
    <ClInclude Include="Src\Global\GlobalVars.h" />
    <ClInclude Include="Src\Graphics\Light.h" />
    <ClInclude Include="Src\Graphics\ShaderProg.h" />
    <ClInclude Include="Src\Vendor\stb_image.h" />
    <ClInclude Include="Src\Math\Pseudorand.h" />
    <ClInclude Include="Src\Plat\Win\App\Scene\Scene.h" />
    <ClInclude Include="Src\Plat\Win\App\Scene\Cam\Cam.h" />
    <ClInclude Include="Src\Plat\Win\App\Scene\Scene.h" />
    <ClInclude Include="Src\Plat\Win\App\App.h" />
  </ItemGroup>
  <ItemGroup>
    <ClCompile Include="Src\Geo\Mesh.cpp" />
    <ClCompile Include="Src\Geo\SpriteAni.cpp" />
    <ClCompile Include="Src\Global\GlobalFuncs.cpp" />
    <ClCompile Include="Src\Graphics\ShaderProg.cpp" />
    <ClCompile Include="Src\Vendor\glad.c" />
    <ClCompile Include="Src\Plat\Win\App\Scene\Cam\Cam.cpp" />
    <ClCompile Include="Src\Plat\Win\App\Scene\Scene.cpp" />
    <ClCompile Include="Src\Plat\Win\App\App.cpp" />
  </ItemGroup>
  <ItemGroup>
    <None Include="Src\Math\Pseudorand.inl" />
  </ItemGroup>
</Project>